
Microsoft Visual Studio Solution File, Format Version 12.00
# Visual Studio Version 17
VisualStudioVersion = 17.6.33723.286
MinimumVisualStudioVersion = 10.0.40219.1
Project("{FAE04EC0-301F-11D3-BF4B-00C04F79EFBC}") = "LogicalPrograms", "LogicalPrograms.csproj", "{6093CF68-1EA4-450B-8EDB-D6E75F4421A5}"
EndProject
Global
	GlobalSection(SolutionConfigurationPlatforms) = preSolution
		Debug|Any CPU = Debug|Any CPU
		Release|Any CPU = Release|Any CPU
	EndGlobalSection
	GlobalSection(ProjectConfigurationPlatforms) = postSolution
		{6093CF68-1EA4-450B-8EDB-D6E75F4421A5}.Debug|Any CPU.ActiveCfg = Debug|Any CPU
		{6093CF68-1EA4-450B-8EDB-D6E75F4421A5}.Debug|Any CPU.Build.0 = Debug|Any CPU
		{6093CF68-1EA4-450B-8EDB-D6E75F4421A5}.Release|Any CPU.ActiveCfg = Release|Any CPU
		{6093CF68-1EA4-450B-8EDB-D6E75F4421A5}.Release|Any CPU.Build.0 = Release|Any CPU
	EndGlobalSection
	GlobalSection(SolutionProperties) = preSolution
		HideSolutionNode = FALSE
	EndGlobalSection
	GlobalSection(ExtensibilityGlobals) = postSolution
		SolutionGuid = {EB53D151-6A76-4535-AFF3-A7558D23BF82}
	EndGlobalSection
EndGlobal
